
Microsoft Visual Studio Solution File, Format Version 12.00
# Visual Studio 15
VisualStudioVersion = 15.0.27130.2027
MinimumVisualStudioVersion = 10.0.40219.1
Project("{FAE04EC0-301F-11D3-BF4B-00C04F79EFBC}") = "TextEditor", "TextEditor\TextEditor.csproj", "{EE854149-D8A2-4246-8397-6F65B3BA2DF5}"
EndProject
Global
	GlobalSection(SolutionConfigurationPlatforms) = preSolution
		Debug|x86 = Debug|x86
		Release|x86 = Release|x86
	EndGlobalSection
	GlobalSection(ProjectConfigurationPlatforms) = postSolution
		{EE854149-D8A2-4246-8397-6F65B3BA2DF5}.Debug|x86.ActiveCfg = Debug|x86
		{EE854149-D8A2-4246-8397-6F65B3BA2DF5}.Debug|x86.Build.0 = Debug|x86
		{EE854149-D8A2-4246-8397-6F65B3BA2DF5}.Release|x86.ActiveCfg = Release|x86
		{EE854149-D8A2-4246-8397-6F65B3BA2DF5}.Release|x86.Build.0 = Release|x86
	EndGlobalSection
	GlobalSection(SolutionProperties) = preSolution
		HideSolutionNode = FALSE
	EndGlobalSection
	GlobalSection(ExtensibilityGlobals) = postSolution
		SolutionGuid = {DD80D472-1911-48AF-9BD2-68ACF5A4B27C}
	EndGlobalSection
EndGlobal
